
Microsoft Visual Studio Solution File, Format Version 12.00
# Visual Studio Version 17
VisualStudioVersion = 17.10.35122.118
MinimumVisualStudioVersion = 10.0.40219.1
Project("{FAE04EC0-301F-11D3-BF4B-00C04F79EFBC}") = "ADOClassTask", "ADOClassTask\ADOClassTask.csproj", "{BC5A4367-3EFC-4D90-906C-3C19D5F1F1EC}"
EndProject
Global
	GlobalSection(SolutionConfigurationPlatforms) = preSolution
		Debug|Any CPU = Debug|Any CPU
		Release|Any CPU = Release|Any CPU
	EndGlobalSection
	GlobalSection(ProjectConfigurationPlatforms) = postSolution
		{BC5A4367-3EFC-4D90-906C-3C19D5F1F1EC}.Debug|Any CPU.ActiveCfg = Debug|Any CPU
		{BC5A4367-3EFC-4D90-906C-3C19D5F1F1EC}.Debug|Any CPU.Build.0 = Debug|Any CPU
		{BC5A4367-3EFC-4D90-906C-3C19D5F1F1EC}.Release|Any CPU.ActiveCfg = Release|Any CPU
		{BC5A4367-3EFC-4D90-906C-3C19D5F1F1EC}.Release|Any CPU.Build.0 = Release|Any CPU
	EndGlobalSection
	GlobalSection(SolutionProperties) = preSolution
		HideSolutionNode = FALSE
	EndGlobalSection
	GlobalSection(ExtensibilityGlobals) = postSolution
		SolutionGuid = {2001DDE2-A6ED-45F3-A692-1F4C4435B669}
	EndGlobalSection
EndGlobal
